
Microsoft Visual Studio Solution File, Format Version 12.00
Project("{FAE04EC0-301F-11D3-BF4B-00C04F79EFBC}") = "Dwapi.Crs.SharedKernel", "src\Dwapi.Crs.SharedKernel\Dwapi.Crs.SharedKernel.csproj", "{6F7D7A1B-3D4C-47C7-B1E1-9A9CEFADA70B}"
EndProject
Project("{FAE04EC0-301F-11D3-BF4B-00C04F79EFBC}") = "Dwapi.Contracts", "src\Dwapi.Contracts\Dwapi.Contracts.csproj", "{4986C96F-2C4E-4BD9-AA93-488614217BAA}"
EndProject
Project("{FAE04EC0-301F-11D3-BF4B-00C04F79EFBC}") = "Dwapi.Crs.Core", "src\Dwapi.Crs.Core\Dwapi.Crs.Core.csproj", "{E2C0748E-BF0E-441C-909E-7229E9EE5D63}"
EndProject
Project("{FAE04EC0-301F-11D3-BF4B-00C04F79EFBC}") = "Dwapi.Crs.Infrastructure", "src\Dwapi.Crs.Infrastructure\Dwapi.Crs.Infrastructure.csproj", "{BD0A84A7-7C61-48BB-B270-353E22E86613}"
EndProject
Project("{FAE04EC0-301F-11D3-BF4B-00C04F79EFBC}") = "Dwapi.Crs.SharedKernel.Infrastructure", "src\Dwapi.Crs.SharedKernel.Infrastructure\Dwapi.Crs.SharedKernel.Infrastructure.csproj", "{BD32F42F-959F-4DF1-A3C7-2FB92A5837F7}"
EndProject
Project("{FAE04EC0-301F-11D3-BF4B-00C04F79EFBC}") = "Dwapi.Crs.SharedKernel.Tests", "test\Dwapi.Crs.SharedKernel.Tests\Dwapi.Crs.SharedKernel.Tests.csproj", "{278F4201-BA52-4CE2-82FE-505E2E09B5C7}"
EndProject
Project("{FAE04EC0-301F-11D3-BF4B-00C04F79EFBC}") = "Dwapi.Crs.SharedKernel.Infrastructure.Tests", "test\Dwapi.Crs.SharedKernel.Infrastructure.Tests\Dwapi.Crs.SharedKernel.Infrastructure.Tests.csproj", "{12B27909-28F0-49B1-A5F8-DBB7A66692E6}"
EndProject
Project("{FAE04EC0-301F-11D3-BF4B-00C04F79EFBC}") = "Dwapi.Crs.Core.Tests", "test\Dwapi.Crs.Core.Tests\Dwapi.Crs.Core.Tests.csproj", "{2F5ECDD5-F300-4C1E-B6A1-1A7D70FF9AE3}"
EndProject
Project("{2150E333-8FDC-42A3-9474-1A3956D46DE8}") = "Core", "Core", "{E03BD300-6D34-43F7-9AE1-EB0B5AE313B8}"
EndProject
Project("{2150E333-8FDC-42A3-9474-1A3956D46DE8}") = "Infrastructure", "Infrastructure", "{50664D0B-CC6E-45E4-BE04-C7EB00C89F7F}"
EndProject
Project("{2150E333-8FDC-42A3-9474-1A3956D46DE8}") = "SharedKernel", "SharedKernel", "{A7AFD4FD-30C9-4E29-A9E3-3FA214617A0F}"
EndProject
Project("{2150E333-8FDC-42A3-9474-1A3956D46DE8}") = "Contracts", "Contracts", "{16A3543A-2B21-4BFF-AF9C-860D423DEAE1}"
EndProject
Project("{FAE04EC0-301F-11D3-BF4B-00C04F79EFBC}") = "Dwapi.Crs.Infrastructure.Tests", "test\Dwapi.Crs.Infrastructure.Tests\Dwapi.Crs.Infrastructure.Tests.csproj", "{41A82C6F-CD15-4E83-A243-93F053DA6D48}"
EndProject
Project("{FAE04EC0-301F-11D3-BF4B-00C04F79EFBC}") = "Dwapi.Crs", "src\Dwapi.Crs\Dwapi.Crs.csproj", "{28019918-E1A4-4A08-B193-2CDC3665FA44}"
EndProject
Project("{2150E333-8FDC-42A3-9474-1A3956D46DE8}") = "src", "src", "{814098F6-3FA9-4853-8059-643CAC541DC1}"
EndProject
Project("{2150E333-8FDC-42A3-9474-1A3956D46DE8}") = "test", "test", "{C518774A-2287-499B-BE6B-DFFC83899137}"
EndProject
Project("{2150E333-8FDC-42A3-9474-1A3956D46DE8}") = "SharedKernel", "SharedKernel", "{C58415C0-195C-447B-9464-C5B16A7D661A}"
EndProject
Project("{2150E333-8FDC-42A3-9474-1A3956D46DE8}") = "Infrastructure", "Infrastructure", "{F1DCBC6C-6A0D-4402-8CCB-221EA9DDA7F4}"
EndProject
Project("{2150E333-8FDC-42A3-9474-1A3956D46DE8}") = "Core", "Core", "{32E92FCF-E4A5-46C4-B55C-4E4DB334E9B9}"
EndProject
Project("{2150E333-8FDC-42A3-9474-1A3956D46DE8}") = "Service", "Service", "{1CE7500D-8D5B-49D3-9BAC-7A2D45D3568B}"
EndProject
Project("{FAE04EC0-301F-11D3-BF4B-00C04F79EFBC}") = "Dwapi.Crs.Service.Application", "src\Dwapi.Crs.Service.Application\Dwapi.Crs.Service.Application.csproj", "{2F6C18D3-5115-4470-BB87-25F1B2BDA80E}"
EndProject
Project("{FAE04EC0-301F-11D3-BF4B-00C04F79EFBC}") = "Dwapi.Crs.Service.Infrastructure", "src\Dwapi.Crs.Service.Infrastructure\Dwapi.Crs.Service.Infrastructure.csproj", "{FB20E092-8F9B-441E-93B4-FD9C833A07DA}"
EndProject
Project("{2150E333-8FDC-42A3-9474-1A3956D46DE8}") = "Service", "Service", "{B31CECA4-0A7D-4D25-923F-05629D8AA114}"
EndProject
Project("{FAE04EC0-301F-11D3-BF4B-00C04F79EFBC}") = "Dwapi.Crs.Service.Application.Tests", "test\Dwapi.Crs.Service.Application.Tests\Dwapi.Crs.Service.Application.Tests.csproj", "{578339DA-AAC1-4FB8-BA96-2615B1CCFBCB}"
EndProject
Project("{FAE04EC0-301F-11D3-BF4B-00C04F79EFBC}") = "Dwapi.Crs.Service.Infrastructure.Tests", "test\Dwapi.Crs.Service.Infrastructure.Tests\Dwapi.Crs.Service.Infrastructure.Tests.csproj", "{93E86403-9674-4A1A-A9DB-50E24488274E}"
EndProject
Global
	GlobalSection(SolutionConfigurationPlatforms) = preSolution
		Debug|Any CPU = Debug|Any CPU
		Release|Any CPU = Release|Any CPU
	EndGlobalSection
	GlobalSection(ProjectConfigurationPlatforms) = postSolution
		{6F7D7A1B-3D4C-47C7-B1E1-9A9CEFADA70B}.Debug|Any CPU.ActiveCfg = Debug|Any CPU
		{6F7D7A1B-3D4C-47C7-B1E1-9A9CEFADA70B}.Debug|Any CPU.Build.0 = Debug|Any CPU
		{6F7D7A1B-3D4C-47C7-B1E1-9A9CEFADA70B}.Release|Any CPU.ActiveCfg = Release|Any CPU
		{6F7D7A1B-3D4C-47C7-B1E1-9A9CEFADA70B}.Release|Any CPU.Build.0 = Release|Any CPU
		{4986C96F-2C4E-4BD9-AA93-488614217BAA}.Debug|Any CPU.ActiveCfg = Debug|Any CPU
		{4986C96F-2C4E-4BD9-AA93-488614217BAA}.Debug|Any CPU.Build.0 = Debug|Any CPU
		{4986C96F-2C4E-4BD9-AA93-488614217BAA}.Release|Any CPU.ActiveCfg = Release|Any CPU
		{4986C96F-2C4E-4BD9-AA93-488614217BAA}.Release|Any CPU.Build.0 = Release|Any CPU
		{E2C0748E-BF0E-441C-909E-7229E9EE5D63}.Debug|Any CPU.ActiveCfg = Debug|Any CPU
		{E2C0748E-BF0E-441C-909E-7229E9EE5D63}.Debug|Any CPU.Build.0 = Debug|Any CPU
		{E2C0748E-BF0E-441C-909E-7229E9EE5D63}.Release|Any CPU.ActiveCfg = Release|Any CPU
		{E2C0748E-BF0E-441C-909E-7229E9EE5D63}.Release|Any CPU.Build.0 = Release|Any CPU
		{BD0A84A7-7C61-48BB-B270-353E22E86613}.Debug|Any CPU.ActiveCfg = Debug|Any CPU
		{BD0A84A7-7C61-48BB-B270-353E22E86613}.Debug|Any CPU.Build.0 = Debug|Any CPU
		{BD0A84A7-7C61-48BB-B270-353E22E86613}.Release|Any CPU.ActiveCfg = Release|Any CPU
		{BD0A84A7-7C61-48BB-B270-353E22E86613}.Release|Any CPU.Build.0 = Release|Any CPU
		{BD32F42F-959F-4DF1-A3C7-2FB92A5837F7}.Debug|Any CPU.ActiveCfg = Debug|Any CPU
		{BD32F42F-959F-4DF1-A3C7-2FB92A5837F7}.Debug|Any CPU.Build.0 = Debug|Any CPU
		{BD32F42F-959F-4DF1-A3C7-2FB92A5837F7}.Release|Any CPU.ActiveCfg = Release|Any CPU
		{BD32F42F-959F-4DF1-A3C7-2FB92A5837F7}.Release|Any CPU.Build.0 = Release|Any CPU
		{278F4201-BA52-4CE2-82FE-505E2E09B5C7}.Debug|Any CPU.ActiveCfg = Debug|Any CPU
		{278F4201-BA52-4CE2-82FE-505E2E09B5C7}.Debug|Any CPU.Build.0 = Debug|Any CPU
		{278F4201-BA52-4CE2-82FE-505E2E09B5C7}.Release|Any CPU.ActiveCfg = Release|Any CPU
		{278F4201-BA52-4CE2-82FE-505E2E09B5C7}.Release|Any CPU.Build.0 = Release|Any CPU
		{12B27909-28F0-49B1-A5F8-DBB7A66692E6}.Debug|Any CPU.ActiveCfg = Debug|Any CPU
		{12B27909-28F0-49B1-A5F8-DBB7A66692E6}.Debug|Any CPU.Build.0 = Debug|Any CPU
		{12B27909-28F0-49B1-A5F8-DBB7A66692E6}.Release|Any CPU.ActiveCfg = Release|Any CPU
		{12B27909-28F0-49B1-A5F8-DBB7A66692E6}.Release|Any CPU.Build.0 = Release|Any CPU
		{2F5ECDD5-F300-4C1E-B6A1-1A7D70FF9AE3}.Debug|Any CPU.ActiveCfg = Debug|Any CPU
		{2F5ECDD5-F300-4C1E-B6A1-1A7D70FF9AE3}.Debug|Any CPU.Build.0 = Debug|Any CPU
		{2F5ECDD5-F300-4C1E-B6A1-1A7D70FF9AE3}.Release|Any CPU.ActiveCfg = Release|Any CPU
		{2F5ECDD5-F300-4C1E-B6A1-1A7D70FF9AE3}.Release|Any CPU.Build.0 = Release|Any CPU
		{41A82C6F-CD15-4E83-A243-93F053DA6D48}.Debug|Any CPU.ActiveCfg = Debug|Any CPU
		{41A82C6F-CD15-4E83-A243-93F053DA6D48}.Debug|Any CPU.Build.0 = Debug|Any CPU
		{41A82C6F-CD15-4E83-A243-93F053DA6D48}.Release|Any CPU.ActiveCfg = Release|Any CPU
		{41A82C6F-CD15-4E83-A243-93F053DA6D48}.Release|Any CPU.Build.0 = Release|Any CPU
		{28019918-E1A4-4A08-B193-2CDC3665FA44}.Debug|Any CPU.ActiveCfg = Debug|Any CPU
		{28019918-E1A4-4A08-B193-2CDC3665FA44}.Debug|Any CPU.Build.0 = Debug|Any CPU
		{28019918-E1A4-4A08-B193-2CDC3665FA44}.Release|Any CPU.ActiveCfg = Release|Any CPU
		{28019918-E1A4-4A08-B193-2CDC3665FA44}.Release|Any CPU.Build.0 = Release|Any CPU
		{2F6C18D3-5115-4470-BB87-25F1B2BDA80E}.Debug|Any CPU.ActiveCfg = Debug|Any CPU
		{2F6C18D3-5115-4470-BB87-25F1B2BDA80E}.Debug|Any CPU.Build.0 = Debug|Any CPU
		{2F6C18D3-5115-4470-BB87-25F1B2BDA80E}.Release|Any CPU.ActiveCfg = Release|Any CPU
		{2F6C18D3-5115-4470-BB87-25F1B2BDA80E}.Release|Any CPU.Build.0 = Release|Any CPU
		{FB20E092-8F9B-441E-93B4-FD9C833A07DA}.Debug|Any CPU.ActiveCfg = Debug|Any CPU
		{FB20E092-8F9B-441E-93B4-FD9C833A07DA}.Debug|Any CPU.Build.0 = Debug|Any CPU
		{FB20E092-8F9B-441E-93B4-FD9C833A07DA}.Release|Any CPU.ActiveCfg = Release|Any CPU
		{FB20E092-8F9B-441E-93B4-FD9C833A07DA}.Release|Any CPU.Build.0 = Release|Any CPU
		{578339DA-AAC1-4FB8-BA96-2615B1CCFBCB}.Debug|Any CPU.ActiveCfg = Debug|Any CPU
		{578339DA-AAC1-4FB8-BA96-2615B1CCFBCB}.Debug|Any CPU.Build.0 = Debug|Any CPU
		{578339DA-AAC1-4FB8-BA96-2615B1CCFBCB}.Release|Any CPU.ActiveCfg = Release|Any CPU
		{578339DA-AAC1-4FB8-BA96-2615B1CCFBCB}.Release|Any CPU.Build.0 = Release|Any CPU
		{93E86403-9674-4A1A-A9DB-50E24488274E}.Debug|Any CPU.ActiveCfg = Debug|Any CPU
		{93E86403-9674-4A1A-A9DB-50E24488274E}.Debug|Any CPU.Build.0 = Debug|Any CPU
		{93E86403-9674-4A1A-A9DB-50E24488274E}.Release|Any CPU.ActiveCfg = Release|Any CPU
		{93E86403-9674-4A1A-A9DB-50E24488274E}.Release|Any CPU.Build.0 = Release|Any CPU
	EndGlobalSection
	GlobalSection(NestedProjects) = preSolution
		{E2C0748E-BF0E-441C-909E-7229E9EE5D63} = {E03BD300-6D34-43F7-9AE1-EB0B5AE313B8}
		{BD0A84A7-7C61-48BB-B270-353E22E86613} = {50664D0B-CC6E-45E4-BE04-C7EB00C89F7F}
		{6F7D7A1B-3D4C-47C7-B1E1-9A9CEFADA70B} = {A7AFD4FD-30C9-4E29-A9E3-3FA214617A0F}
		{BD32F42F-959F-4DF1-A3C7-2FB92A5837F7} = {A7AFD4FD-30C9-4E29-A9E3-3FA214617A0F}
		{4986C96F-2C4E-4BD9-AA93-488614217BAA} = {16A3543A-2B21-4BFF-AF9C-860D423DEAE1}
		{16A3543A-2B21-4BFF-AF9C-860D423DEAE1} = {814098F6-3FA9-4853-8059-643CAC541DC1}
		{C58415C0-195C-447B-9464-C5B16A7D661A} = {C518774A-2287-499B-BE6B-DFFC83899137}
		{F1DCBC6C-6A0D-4402-8CCB-221EA9DDA7F4} = {C518774A-2287-499B-BE6B-DFFC83899137}
		{32E92FCF-E4A5-46C4-B55C-4E4DB334E9B9} = {C518774A-2287-499B-BE6B-DFFC83899137}
		{2F5ECDD5-F300-4C1E-B6A1-1A7D70FF9AE3} = {32E92FCF-E4A5-46C4-B55C-4E4DB334E9B9}
		{12B27909-28F0-49B1-A5F8-DBB7A66692E6} = {C58415C0-195C-447B-9464-C5B16A7D661A}
		{278F4201-BA52-4CE2-82FE-505E2E09B5C7} = {C58415C0-195C-447B-9464-C5B16A7D661A}
		{41A82C6F-CD15-4E83-A243-93F053DA6D48} = {F1DCBC6C-6A0D-4402-8CCB-221EA9DDA7F4}
		{E03BD300-6D34-43F7-9AE1-EB0B5AE313B8} = {814098F6-3FA9-4853-8059-643CAC541DC1}
		{50664D0B-CC6E-45E4-BE04-C7EB00C89F7F} = {814098F6-3FA9-4853-8059-643CAC541DC1}
		{A7AFD4FD-30C9-4E29-A9E3-3FA214617A0F} = {814098F6-3FA9-4853-8059-643CAC541DC1}
		{28019918-E1A4-4A08-B193-2CDC3665FA44} = {814098F6-3FA9-4853-8059-643CAC541DC1}
		{1CE7500D-8D5B-49D3-9BAC-7A2D45D3568B} = {814098F6-3FA9-4853-8059-643CAC541DC1}
		{2F6C18D3-5115-4470-BB87-25F1B2BDA80E} = {1CE7500D-8D5B-49D3-9BAC-7A2D45D3568B}
		{FB20E092-8F9B-441E-93B4-FD9C833A07DA} = {1CE7500D-8D5B-49D3-9BAC-7A2D45D3568B}
		{B31CECA4-0A7D-4D25-923F-05629D8AA114} = {C518774A-2287-499B-BE6B-DFFC83899137}
		{578339DA-AAC1-4FB8-BA96-2615B1CCFBCB} = {B31CECA4-0A7D-4D25-923F-05629D8AA114}
		{93E86403-9674-4A1A-A9DB-50E24488274E} = {B31CECA4-0A7D-4D25-923F-05629D8AA114}
	EndGlobalSection
EndGlobal
